PODS:
  - IQKeyboardManagerSwift (6.5.10)
  - MBProgressHUD (1.2.0)
  - SDWebImage (5.13.4):
    - SDWebImage/Core (= 5.13.4)
  - SDWebImage/Core (5.13.4)

DEPENDENCIES:
  - IQKeyboardManagerSwift
  - MBProgressHUD
  - SDWebImage (~> 5.0)

SPEC REPOS:
  trunk:
    - IQKeyboardManagerSwift
    - MBProgressHUD
    - SDWebImage

SPEC CHECKSUMS:
  IQKeyboardManagerSwift: 52962c76ab33532f15ad9f3ff4e5715eda5335bb
  MBProgressHUD: 3ee5efcc380f6a79a7cc9b363dd669c5e1ae7406
  SDWebImage: e5cc87bf736e60f49592f307bdf9e157189298a3

PODFILE CHECKSUM: 8ad282b317e73c3a032e6e52e9d03263e8c22edd

COCOAPODS: 1.11.3
